
Microsoft Visual Studio Solution File, Format Version 12.00
# Visual Studio Version 17
VisualStudioVersion = 17.5.33414.496
MinimumVisualStudioVersion = 10.0.40219.1
Project("{9A19103F-16F7-4668-BE54-9A1E7A4F7556}") = "blazor", "blazor.csproj", "{6E3EFB69-772E-42BA-9973-BDA530D42521}"
EndProject
Global
	GlobalSection(SolutionConfigurationPlatforms) = preSolution
		Debug|Any CPU = Debug|Any CPU
		Release|Any CPU = Release|Any CPU
	EndGlobalSection
	GlobalSection(ProjectConfigurationPlatforms) = postSolution
		{6E3EFB69-772E-42BA-9973-BDA530D42521}.Debug|Any CPU.ActiveCfg = Debug|Any CPU
		{6E3EFB69-772E-42BA-9973-BDA530D42521}.Debug|Any CPU.Build.0 = Debug|Any CPU
		{6E3EFB69-772E-42BA-9973-BDA530D42521}.Release|Any CPU.ActiveCfg = Release|Any CPU
		{6E3EFB69-772E-42BA-9973-BDA530D42521}.Release|Any CPU.Build.0 = Release|Any CPU
	EndGlobalSection
	GlobalSection(SolutionProperties) = preSolution
		HideSolutionNode = FALSE
	EndGlobalSection
	GlobalSection(ExtensibilityGlobals) = postSolution
		SolutionGuid = {F9A21D1E-00E5-408A-90A2-FFD63F3A5BE7}
	EndGlobalSection
EndGlobal
